
Microsoft Visual Studio Solution File, Format Version 12.00
# Visual Studio 15
VisualStudioVersion = 15.0.26730.16
MinimumVisualStudioVersion = 10.0.40219.1
Project("{9A19103F-16F7-4668-BE54-9A1E7A4F7556}") = "Rassoodock", "Rassoodock\Rassoodock.csproj", "{550ACB89-F37B-4A0C-BB9D-453C9DFC6091}"
EndProject
Project("{9A19103F-16F7-4668-BE54-9A1E7A4F7556}") = "Rassoodock.SqlServer.Windows", "Rassoodock.SqlServer.Windows\Rassoodock.SqlServer.Windows.csproj", "{DC9F9486-4263-47AD-8531-CA4BA45C244B}"
EndProject
Project("{9A19103F-16F7-4668-BE54-9A1E7A4F7556}") = "Rassoodock.Databases", "Rassoodock.Databases\Rassoodock.Databases.csproj", "{35EC7C12-8043-4490-94A3-715301B09162}"
EndProject
Project("{9A19103F-16F7-4668-BE54-9A1E7A4F7556}") = "Rassoodock.Common", "Rassoodock.Common\Rassoodock.Common.csproj", "{F420D8F1-0F01-4A13-8496-6BF24F957005}"
EndProject
Project("{9A19103F-16F7-4668-BE54-9A1E7A4F7556}") = "Rassoodock.SqlServer.Windows.Tests.Integration", "Rassoodock.SqlServer.Windows.Tests\Rassoodock.SqlServer.Windows.Tests.Integration.csproj", "{51140270-16BB-43C2-AB11-4CB146F0CA5B}"
EndProject
Project("{9A19103F-16F7-4668-BE54-9A1E7A4F7556}") = "Rassoodock.Tests.Utilities", "Rassoodock.Tests.Utilities\Rassoodock.Tests.Utilities.csproj", "{38C124FB-7869-4EEE-A868-9980323E6E29}"
EndProject
Project("{FAE04EC0-301F-11D3-BF4B-00C04F79EFBC}") = "Rassoodock.SqlServer.Windows.Tests.Unit", "Rassoodock.SqlServer.Windows.Tests.Unit\Rassoodock.SqlServer.Windows.Tests.Unit.csproj", "{11405358-9C2A-49AD-AFD8-7A6631044207}"
EndProject
Project("{2150E333-8FDC-42A3-9474-1A3956D46DE8}") = "Tests", "Tests", "{20899845-314F-42B2-8D91-49C64A8095E1}"
EndProject
Project("{2150E333-8FDC-42A3-9474-1A3956D46DE8}") = "Shared", "Shared", "{400524E3-8564-4E2B-A3E8-04106567F88E}"
EndProject
Project("{2150E333-8FDC-42A3-9474-1A3956D46DE8}") = "SqlServer", "SqlServer", "{CABE6302-8927-4888-8E50-80C79838AE52}"
EndProject
Project("{2150E333-8FDC-42A3-9474-1A3956D46DE8}") = "Windows", "Windows", "{B066820E-4951-4DEA-BCE7-3F135D4AC81A}"
EndProject
Global
	GlobalSection(SolutionConfigurationPlatforms) = preSolution
		Debug|Any CPU = Debug|Any CPU
		Release|Any CPU = Release|Any CPU
	EndGlobalSection
	GlobalSection(ProjectConfigurationPlatforms) = postSolution
		{550ACB89-F37B-4A0C-BB9D-453C9DFC6091}.Debug|Any CPU.ActiveCfg = Debug|Any CPU
		{550ACB89-F37B-4A0C-BB9D-453C9DFC6091}.Debug|Any CPU.Build.0 = Debug|Any CPU
		{550ACB89-F37B-4A0C-BB9D-453C9DFC6091}.Release|Any CPU.ActiveCfg = Release|Any CPU
		{550ACB89-F37B-4A0C-BB9D-453C9DFC6091}.Release|Any CPU.Build.0 = Release|Any CPU
		{DC9F9486-4263-47AD-8531-CA4BA45C244B}.Debug|Any CPU.ActiveCfg = Debug|Any CPU
		{DC9F9486-4263-47AD-8531-CA4BA45C244B}.Debug|Any CPU.Build.0 = Debug|Any CPU
		{DC9F9486-4263-47AD-8531-CA4BA45C244B}.Release|Any CPU.ActiveCfg = Release|Any CPU
		{DC9F9486-4263-47AD-8531-CA4BA45C244B}.Release|Any CPU.Build.0 = Release|Any CPU
		{35EC7C12-8043-4490-94A3-715301B09162}.Debug|Any CPU.ActiveCfg = Debug|Any CPU
		{35EC7C12-8043-4490-94A3-715301B09162}.Debug|Any CPU.Build.0 = Debug|Any CPU
		{35EC7C12-8043-4490-94A3-715301B09162}.Release|Any CPU.ActiveCfg = Release|Any CPU
		{35EC7C12-8043-4490-94A3-715301B09162}.Release|Any CPU.Build.0 = Release|Any CPU
		{F420D8F1-0F01-4A13-8496-6BF24F957005}.Debug|Any CPU.ActiveCfg = Debug|Any CPU
		{F420D8F1-0F01-4A13-8496-6BF24F957005}.Debug|Any CPU.Build.0 = Debug|Any CPU
		{F420D8F1-0F01-4A13-8496-6BF24F957005}.Release|Any CPU.ActiveCfg = Release|Any CPU
		{F420D8F1-0F01-4A13-8496-6BF24F957005}.Release|Any CPU.Build.0 = Release|Any CPU
		{51140270-16BB-43C2-AB11-4CB146F0CA5B}.Debug|Any CPU.ActiveCfg = Debug|Any CPU
		{51140270-16BB-43C2-AB11-4CB146F0CA5B}.Debug|Any CPU.Build.0 = Debug|Any CPU
		{51140270-16BB-43C2-AB11-4CB146F0CA5B}.Release|Any CPU.ActiveCfg = Release|Any CPU
		{51140270-16BB-43C2-AB11-4CB146F0CA5B}.Release|Any CPU.Build.0 = Release|Any CPU
		{38C124FB-7869-4EEE-A868-9980323E6E29}.Debug|Any CPU.ActiveCfg = Debug|Any CPU
		{38C124FB-7869-4EEE-A868-9980323E6E29}.Debug|Any CPU.Build.0 = Debug|Any CPU
		{38C124FB-7869-4EEE-A868-9980323E6E29}.Release|Any CPU.ActiveCfg = Release|Any CPU
		{38C124FB-7869-4EEE-A868-9980323E6E29}.Release|Any CPU.Build.0 = Release|Any CPU
		{11405358-9C2A-49AD-AFD8-7A6631044207}.Debug|Any CPU.ActiveCfg = Debug|Any CPU
		{11405358-9C2A-49AD-AFD8-7A6631044207}.Debug|Any CPU.Build.0 = Debug|Any CPU
		{11405358-9C2A-49AD-AFD8-7A6631044207}.Release|Any CPU.ActiveCfg = Release|Any CPU
		{11405358-9C2A-49AD-AFD8-7A6631044207}.Release|Any CPU.Build.0 = Release|Any CPU
	EndGlobalSection
	GlobalSection(SolutionProperties) = preSolution
		HideSolutionNode = FALSE
	EndGlobalSection
	GlobalSection(NestedProjects) = preSolution
		{DC9F9486-4263-47AD-8531-CA4BA45C244B} = {B066820E-4951-4DEA-BCE7-3F135D4AC81A}
		{35EC7C12-8043-4490-94A3-715301B09162} = {400524E3-8564-4E2B-A3E8-04106567F88E}
		{F420D8F1-0F01-4A13-8496-6BF24F957005} = {400524E3-8564-4E2B-A3E8-04106567F88E}
		{51140270-16BB-43C2-AB11-4CB146F0CA5B} = {20899845-314F-42B2-8D91-49C64A8095E1}
		{38C124FB-7869-4EEE-A868-9980323E6E29} = {20899845-314F-42B2-8D91-49C64A8095E1}
		{11405358-9C2A-49AD-AFD8-7A6631044207} = {20899845-314F-42B2-8D91-49C64A8095E1}
		{B066820E-4951-4DEA-BCE7-3F135D4AC81A} = {CABE6302-8927-4888-8E50-80C79838AE52}
	EndGlobalSection
	GlobalSection(ExtensibilityGlobals) = postSolution
		SolutionGuid = {0C32646F-73CA-409F-B2AC-A3FF0669EE4E}
	EndGlobalSection
EndGlobal
