
Microsoft Visual Studio Solution File, Format Version 12.00
# Visual Studio 15
VisualStudioVersion = 15.0.27130.2027
MinimumVisualStudioVersion = 10.0.40219.1
Project("{9A19103F-16F7-4668-BE54-9A1E7A4F7556}") = "Rassoodock", "Rassoodock\Rassoodock.csproj", "{550ACB89-F37B-4A0C-BB9D-453C9DFC6091}"
EndProject
Project("{9A19103F-16F7-4668-BE54-9A1E7A4F7556}") = "Rassoodock.SqlServer", "Rassoodock.SqlServer\Rassoodock.SqlServer.csproj", "{DC9F9486-4263-47AD-8531-CA4BA45C244B}"
EndProject
Project("{9A19103F-16F7-4668-BE54-9A1E7A4F7556}") = "Rassoodock.Databases", "Rassoodock.Databases\Rassoodock.Databases.csproj", "{35EC7C12-8043-4490-94A3-715301B09162}"
EndProject
Project("{9A19103F-16F7-4668-BE54-9A1E7A4F7556}") = "Rassoodock.Common", "Rassoodock.Common\Rassoodock.Common.csproj", "{F420D8F1-0F01-4A13-8496-6BF24F957005}"
EndProject
Project("{2150E333-8FDC-42A3-9474-1A3956D46DE8}") = "Tests", "Tests", "{20899845-314F-42B2-8D91-49C64A8095E1}"
EndProject
Project("{2150E333-8FDC-42A3-9474-1A3956D46DE8}") = "Core", "Core", "{400524E3-8564-4E2B-A3E8-04106567F88E}"
EndProject
Project("{2150E333-8FDC-42A3-9474-1A3956D46DE8}") = "SqlServer", "SqlServer", "{CABE6302-8927-4888-8E50-80C79838AE52}"
EndProject
Project("{9A19103F-16F7-4668-BE54-9A1E7A4F7556}") = "Rassoodock.Cli", "Rassoodock.Cli\Rassoodock.Cli.csproj", "{7B7FF312-CDA7-42D8-A7E4-D6E7DF881378}"
EndProject
Project("{9A19103F-16F7-4668-BE54-9A1E7A4F7556}") = "Rassoodock.Cli.Tests.Integration", "Rassoodock.Cli.Tests.Integration\Rassoodock.Cli.Tests.Integration.csproj", "{E663FF08-0AB1-4FAF-835C-FDF26D1EA48B}"
EndProject
Project("{9A19103F-16F7-4668-BE54-9A1E7A4F7556}") = "Rassoodock.Databases.Services", "Rassoodock.Databases.Services\Rassoodock.Databases.Services.csproj", "{B8EA1AD3-C1D0-45FC-BF54-6E09B86994DF}"
EndProject
Project("{9A19103F-16F7-4668-BE54-9A1E7A4F7556}") = "Rassoodock.Tests.Base", "Rassoodock.Tests.Base\Rassoodock.Tests.Base.csproj", "{9774F94D-B596-42A0-9FAD-3AFF626DCB65}"
EndProject
Project("{9A19103F-16F7-4668-BE54-9A1E7A4F7556}") = "Rassoodock.SqlServer.Tests.Integration", "Rassoodock.SqlServer.Tests.Integration\Rassoodock.SqlServer.Tests.Integration.csproj", "{30A529C5-ED7B-4586-BF1C-3CA2891C2CDF}"
EndProject
Project("{9A19103F-16F7-4668-BE54-9A1E7A4F7556}") = "Rassoodock.SqlServer.Tests.Unit", "Rassoodock.SqlServer.Tests.Unit\Rassoodock.SqlServer.Tests.Unit.csproj", "{C467AE70-184D-4253-9121-9A02CA448529}"
EndProject
Project("{9A19103F-16F7-4668-BE54-9A1E7A4F7556}") = "Rassoodock.DifferenceEngine", "Rassoodock.DifferenceEngine\Rassoodock.DifferenceEngine.csproj", "{20A65A50-4698-480C-BFC7-C9B019D63EF9}"
EndProject
Project("{9A19103F-16F7-4668-BE54-9A1E7A4F7556}") = "Rassoodock.DifferenceEngine.SqlServer", "Rassoodock.DifferenceEngine.SqlServer\Rassoodock.DifferenceEngine.SqlServer.csproj", "{DF62825A-CF9E-4696-B439-293062721EE0}"
EndProject
Project("{9A19103F-16F7-4668-BE54-9A1E7A4F7556}") = "Rassoodock.DifferenceEngine.SqlServer.Tests.Unit", "Rassoodock.DifferenceEngine.SqlServer.Tests.Unit\Rassoodock.DifferenceEngine.SqlServer.Tests.Unit.csproj", "{F4DCF849-93BA-437F-A3D5-5549B1B1E2B1}"
EndProject
Global
	GlobalSection(SolutionConfigurationPlatforms) = preSolution
		Debug|Any CPU = Debug|Any CPU
		Release|Any CPU = Release|Any CPU
	EndGlobalSection
	GlobalSection(ProjectConfigurationPlatforms) = postSolution
		{550ACB89-F37B-4A0C-BB9D-453C9DFC6091}.Debug|Any CPU.ActiveCfg = Debug|Any CPU
		{550ACB89-F37B-4A0C-BB9D-453C9DFC6091}.Debug|Any CPU.Build.0 = Debug|Any CPU
		{550ACB89-F37B-4A0C-BB9D-453C9DFC6091}.Release|Any CPU.ActiveCfg = Release|Any CPU
		{550ACB89-F37B-4A0C-BB9D-453C9DFC6091}.Release|Any CPU.Build.0 = Release|Any CPU
		{DC9F9486-4263-47AD-8531-CA4BA45C244B}.Debug|Any CPU.ActiveCfg = Debug|Any CPU
		{DC9F9486-4263-47AD-8531-CA4BA45C244B}.Debug|Any CPU.Build.0 = Debug|Any CPU
		{DC9F9486-4263-47AD-8531-CA4BA45C244B}.Release|Any CPU.ActiveCfg = Release|Any CPU
		{DC9F9486-4263-47AD-8531-CA4BA45C244B}.Release|Any CPU.Build.0 = Release|Any CPU
		{35EC7C12-8043-4490-94A3-715301B09162}.Debug|Any CPU.ActiveCfg = Debug|Any CPU
		{35EC7C12-8043-4490-94A3-715301B09162}.Debug|Any CPU.Build.0 = Debug|Any CPU
		{35EC7C12-8043-4490-94A3-715301B09162}.Release|Any CPU.ActiveCfg = Release|Any CPU
		{35EC7C12-8043-4490-94A3-715301B09162}.Release|Any CPU.Build.0 = Release|Any CPU
		{F420D8F1-0F01-4A13-8496-6BF24F957005}.Debug|Any CPU.ActiveCfg = Debug|Any CPU
		{F420D8F1-0F01-4A13-8496-6BF24F957005}.Debug|Any CPU.Build.0 = Debug|Any CPU
		{F420D8F1-0F01-4A13-8496-6BF24F957005}.Release|Any CPU.ActiveCfg = Release|Any CPU
		{F420D8F1-0F01-4A13-8496-6BF24F957005}.Release|Any CPU.Build.0 = Release|Any CPU
		{7B7FF312-CDA7-42D8-A7E4-D6E7DF881378}.Debug|Any CPU.ActiveCfg = Debug|Any CPU
		{7B7FF312-CDA7-42D8-A7E4-D6E7DF881378}.Debug|Any CPU.Build.0 = Debug|Any CPU
		{7B7FF312-CDA7-42D8-A7E4-D6E7DF881378}.Release|Any CPU.ActiveCfg = Release|Any CPU
		{7B7FF312-CDA7-42D8-A7E4-D6E7DF881378}.Release|Any CPU.Build.0 = Release|Any CPU
		{E663FF08-0AB1-4FAF-835C-FDF26D1EA48B}.Debug|Any CPU.ActiveCfg = Debug|Any CPU
		{E663FF08-0AB1-4FAF-835C-FDF26D1EA48B}.Debug|Any CPU.Build.0 = Debug|Any CPU
		{E663FF08-0AB1-4FAF-835C-FDF26D1EA48B}.Release|Any CPU.ActiveCfg = Release|Any CPU
		{E663FF08-0AB1-4FAF-835C-FDF26D1EA48B}.Release|Any CPU.Build.0 = Release|Any CPU
		{B8EA1AD3-C1D0-45FC-BF54-6E09B86994DF}.Debug|Any CPU.ActiveCfg = Debug|Any CPU
		{B8EA1AD3-C1D0-45FC-BF54-6E09B86994DF}.Debug|Any CPU.Build.0 = Debug|Any CPU
		{B8EA1AD3-C1D0-45FC-BF54-6E09B86994DF}.Release|Any CPU.ActiveCfg = Release|Any CPU
		{B8EA1AD3-C1D0-45FC-BF54-6E09B86994DF}.Release|Any CPU.Build.0 = Release|Any CPU
		{9774F94D-B596-42A0-9FAD-3AFF626DCB65}.Debug|Any CPU.ActiveCfg = Debug|Any CPU
		{9774F94D-B596-42A0-9FAD-3AFF626DCB65}.Debug|Any CPU.Build.0 = Debug|Any CPU
		{9774F94D-B596-42A0-9FAD-3AFF626DCB65}.Release|Any CPU.ActiveCfg = Release|Any CPU
		{9774F94D-B596-42A0-9FAD-3AFF626DCB65}.Release|Any CPU.Build.0 = Release|Any CPU
		{30A529C5-ED7B-4586-BF1C-3CA2891C2CDF}.Debug|Any CPU.ActiveCfg = Debug|Any CPU
		{30A529C5-ED7B-4586-BF1C-3CA2891C2CDF}.Debug|Any CPU.Build.0 = Debug|Any CPU
		{30A529C5-ED7B-4586-BF1C-3CA2891C2CDF}.Release|Any CPU.ActiveCfg = Release|Any CPU
		{30A529C5-ED7B-4586-BF1C-3CA2891C2CDF}.Release|Any CPU.Build.0 = Release|Any CPU
		{C467AE70-184D-4253-9121-9A02CA448529}.Debug|Any CPU.ActiveCfg = Debug|Any CPU
		{C467AE70-184D-4253-9121-9A02CA448529}.Debug|Any CPU.Build.0 = Debug|Any CPU
		{C467AE70-184D-4253-9121-9A02CA448529}.Release|Any CPU.ActiveCfg = Release|Any CPU
		{C467AE70-184D-4253-9121-9A02CA448529}.Release|Any CPU.Build.0 = Release|Any CPU
		{20A65A50-4698-480C-BFC7-C9B019D63EF9}.Debug|Any CPU.ActiveCfg = Debug|Any CPU
		{20A65A50-4698-480C-BFC7-C9B019D63EF9}.Debug|Any CPU.Build.0 = Debug|Any CPU
		{20A65A50-4698-480C-BFC7-C9B019D63EF9}.Release|Any CPU.ActiveCfg = Release|Any CPU
		{20A65A50-4698-480C-BFC7-C9B019D63EF9}.Release|Any CPU.Build.0 = Release|Any CPU
		{DF62825A-CF9E-4696-B439-293062721EE0}.Debug|Any CPU.ActiveCfg = Debug|Any CPU
		{DF62825A-CF9E-4696-B439-293062721EE0}.Debug|Any CPU.Build.0 = Debug|Any CPU
		{DF62825A-CF9E-4696-B439-293062721EE0}.Release|Any CPU.ActiveCfg = Release|Any CPU
		{DF62825A-CF9E-4696-B439-293062721EE0}.Release|Any CPU.Build.0 = Release|Any CPU
		{F4DCF849-93BA-437F-A3D5-5549B1B1E2B1}.Debug|Any CPU.ActiveCfg = Debug|Any CPU
		{F4DCF849-93BA-437F-A3D5-5549B1B1E2B1}.Debug|Any CPU.Build.0 = Debug|Any CPU
		{F4DCF849-93BA-437F-A3D5-5549B1B1E2B1}.Release|Any CPU.ActiveCfg = Release|Any CPU
		{F4DCF849-93BA-437F-A3D5-5549B1B1E2B1}.Release|Any CPU.Build.0 = Release|Any CPU
	EndGlobalSection
	GlobalSection(SolutionProperties) = preSolution
		HideSolutionNode = FALSE
	EndGlobalSection
	GlobalSection(NestedProjects) = preSolution
		{DC9F9486-4263-47AD-8531-CA4BA45C244B} = {CABE6302-8927-4888-8E50-80C79838AE52}
		{35EC7C12-8043-4490-94A3-715301B09162} = {400524E3-8564-4E2B-A3E8-04106567F88E}
		{F420D8F1-0F01-4A13-8496-6BF24F957005} = {400524E3-8564-4E2B-A3E8-04106567F88E}
		{7B7FF312-CDA7-42D8-A7E4-D6E7DF881378} = {400524E3-8564-4E2B-A3E8-04106567F88E}
		{E663FF08-0AB1-4FAF-835C-FDF26D1EA48B} = {20899845-314F-42B2-8D91-49C64A8095E1}
		{B8EA1AD3-C1D0-45FC-BF54-6E09B86994DF} = {400524E3-8564-4E2B-A3E8-04106567F88E}
		{9774F94D-B596-42A0-9FAD-3AFF626DCB65} = {20899845-314F-42B2-8D91-49C64A8095E1}
		{30A529C5-ED7B-4586-BF1C-3CA2891C2CDF} = {20899845-314F-42B2-8D91-49C64A8095E1}
		{C467AE70-184D-4253-9121-9A02CA448529} = {20899845-314F-42B2-8D91-49C64A8095E1}
		{20A65A50-4698-480C-BFC7-C9B019D63EF9} = {400524E3-8564-4E2B-A3E8-04106567F88E}
		{DF62825A-CF9E-4696-B439-293062721EE0} = {CABE6302-8927-4888-8E50-80C79838AE52}
		{F4DCF849-93BA-437F-A3D5-5549B1B1E2B1} = {CABE6302-8927-4888-8E50-80C79838AE52}
	EndGlobalSection
	GlobalSection(ExtensibilityGlobals) = postSolution
		SolutionGuid = {0C32646F-73CA-409F-B2AC-A3FF0669EE4E}
	EndGlobalSection
EndGlobal
